
Microsoft Visual Studio Solution File, Format Version 12.00
# Visual Studio Version 16
VisualStudioVersion = 16.0.31205.134
MinimumVisualStudioVersion = 10.0.40219.1
Project("{FAE04EC0-301F-11D3-BF4B-00C04F79EFBC}") = "OrderManagementSystem", "OrderManagementSystem.csproj", "{FC9C2719-9F7A-465C-A655-D6A4DC6B2BC1}"
EndProject
Project("{FAE04EC0-301F-11D3-BF4B-00C04F79EFBC}") = "OrderManagementSystemTest", "..\OrderManagementSystemTest\OrderManagementSystemTest.csproj", "{8EB08571-3AEE-4C95-A5DE-80613E5C0AD8}"
EndProject
Global
	GlobalSection(SolutionConfigurationPlatforms) = preSolution
		Debug|Any CPU = Debug|Any CPU
		Release|Any CPU = Release|Any CPU
	EndGlobalSection
	GlobalSection(ProjectConfigurationPlatforms) = postSolution
		{FC9C2719-9F7A-465C-A655-D6A4DC6B2BC1}.Debug|Any CPU.ActiveCfg = Debug|Any CPU
		{FC9C2719-9F7A-465C-A655-D6A4DC6B2BC1}.Debug|Any CPU.Build.0 = Debug|Any CPU
		{FC9C2719-9F7A-465C-A655-D6A4DC6B2BC1}.Release|Any CPU.ActiveCfg = Release|Any CPU
		{FC9C2719-9F7A-465C-A655-D6A4DC6B2BC1}.Release|Any CPU.Build.0 = Release|Any CPU
		{8EB08571-3AEE-4C95-A5DE-80613E5C0AD8}.Debug|Any CPU.ActiveCfg = Debug|Any CPU
		{8EB08571-3AEE-4C95-A5DE-80613E5C0AD8}.Debug|Any CPU.Build.0 = Debug|Any CPU
		{8EB08571-3AEE-4C95-A5DE-80613E5C0AD8}.Release|Any CPU.ActiveCfg = Release|Any CPU
		{8EB08571-3AEE-4C95-A5DE-80613E5C0AD8}.Release|Any CPU.Build.0 = Release|Any CPU
	EndGlobalSection
	GlobalSection(SolutionProperties) = preSolution
		HideSolutionNode = FALSE
	EndGlobalSection
	GlobalSection(ExtensibilityGlobals) = postSolution
		SolutionGuid = {1E893100-2604-4CA6-A1D0-D0D7BD13E748}
	EndGlobalSection
EndGlobal
